
Microsoft Visual Studio Solution File, Format Version 12.00
# Visual Studio Version 17
VisualStudioVersion = 17.2.32516.85
MinimumVisualStudioVersion = 10.0.40219.1
Project("{9A19103F-16F7-4668-BE54-9A1E7A4F7556}") = "PracticasCollections", "PracticasCollections\PracticasCollections.csproj", "{85B32D7D-0F16-4B6B-8A0D-AEDF440D8F0E}"
EndProject
Project("{FAE04EC0-301F-11D3-BF4B-00C04F79EFBC}") = "CollectionsII", "CollectionsII\CollectionsII.csproj", "{6EA9877F-EC16-4BF7-A02A-6C85B79D6237}"
EndProject
Project("{FAE04EC0-301F-11D3-BF4B-00C04F79EFBC}") = "Constructores", "Constructores\Constructores.csproj", "{3A57B672-2A3C-4B49-A082-9158B9EDD6A6}"
EndProject
Project("{FAE04EC0-301F-11D3-BF4B-00C04F79EFBC}") = "CollectMicrosoft", "CollectMicrosoft\CollectMicrosoft.csproj", "{221C0345-8B83-4694-846A-6CAAA02CD131}"
EndProject
Global
	GlobalSection(SolutionConfigurationPlatforms) = preSolution
		Debug|Any CPU = Debug|Any CPU
		Release|Any CPU = Release|Any CPU
	EndGlobalSection
	GlobalSection(ProjectConfigurationPlatforms) = postSolution
		{85B32D7D-0F16-4B6B-8A0D-AEDF440D8F0E}.Debug|Any CPU.ActiveCfg = Debug|Any CPU
		{85B32D7D-0F16-4B6B-8A0D-AEDF440D8F0E}.Release|Any CPU.ActiveCfg = Release|Any CPU
		{85B32D7D-0F16-4B6B-8A0D-AEDF440D8F0E}.Release|Any CPU.Build.0 = Release|Any CPU
		{6EA9877F-EC16-4BF7-A02A-6C85B79D6237}.Debug|Any CPU.ActiveCfg = Debug|Any CPU
		{6EA9877F-EC16-4BF7-A02A-6C85B79D6237}.Debug|Any CPU.Build.0 = Debug|Any CPU
		{6EA9877F-EC16-4BF7-A02A-6C85B79D6237}.Release|Any CPU.ActiveCfg = Release|Any CPU
		{6EA9877F-EC16-4BF7-A02A-6C85B79D6237}.Release|Any CPU.Build.0 = Release|Any CPU
		{3A57B672-2A3C-4B49-A082-9158B9EDD6A6}.Debug|Any CPU.ActiveCfg = Debug|Any CPU
		{3A57B672-2A3C-4B49-A082-9158B9EDD6A6}.Debug|Any CPU.Build.0 = Debug|Any CPU
		{3A57B672-2A3C-4B49-A082-9158B9EDD6A6}.Release|Any CPU.ActiveCfg = Release|Any CPU
		{3A57B672-2A3C-4B49-A082-9158B9EDD6A6}.Release|Any CPU.Build.0 = Release|Any CPU
		{221C0345-8B83-4694-846A-6CAAA02CD131}.Debug|Any CPU.ActiveCfg = Debug|Any CPU
		{221C0345-8B83-4694-846A-6CAAA02CD131}.Debug|Any CPU.Build.0 = Debug|Any CPU
		{221C0345-8B83-4694-846A-6CAAA02CD131}.Release|Any CPU.ActiveCfg = Release|Any CPU
		{221C0345-8B83-4694-846A-6CAAA02CD131}.Release|Any CPU.Build.0 = Release|Any CPU
	EndGlobalSection
	GlobalSection(SolutionProperties) = preSolution
		HideSolutionNode = FALSE
	EndGlobalSection
	GlobalSection(ExtensibilityGlobals) = postSolution
		SolutionGuid = {1786AD01-98DA-41A5-B97D-7FBE913481D4}
	EndGlobalSection
EndGlobal
